// !$*UTF8*$!
{
	archiveVersion = 1;
	classes = {
	};
	objectVersion = 56;
	objects = {

/* Begin PBXBuildFile section */
		C1AC1C832946BDD000AF64E8 /* dirtMC.png in CopyFiles */ = {isa = PBXBuildFile; fileRef = C1AC1C812946BC9C00AF64E8 /* dirtMC.png */; };
		C1C5A7FD293AF9A200CDFCD6 /* main.cpp in Sources */ = {isa = PBXBuildFile; fileRef = C1C5A7FC293AF9A200CDFCD6 /* main.cpp */; };
		C1C5A805293AFAD900CDFCD6 /* libglfw.3.3.dylib in Frameworks */ = {isa = PBXBuildFile; fileRef = C1C5A804293AFAD900CDFCD6 /* libglfw.3.3.dylib */; };
		C1C5A807293AFAF500CDFCD6 /* libGLEW.2.2.0.dylib in Frameworks */ = {isa = PBXBuildFile; fileRef = C1C5A806293AFAF500CDFCD6 /* libGLEW.2.2.0.dylib */; };
		C1C5A809293AFBF700CDFCD6 /* OpenGL.framework in Frameworks */ = {isa = PBXBuildFile; fileRef = C1C5A808293AFBF600CDFCD6 /* OpenGL.framework */; };
		C1C5A80C293D07C900CDFCD6 /* Mesh.cpp in Sources */ = {isa = PBXBuildFile; fileRef = C1C5A80A293D07C900CDFCD6 /* Mesh.cpp */; };
		C1C5A80F293D0B4900CDFCD6 /* Texture.cpp in Sources */ = {isa = PBXBuildFile; fileRef = C1C5A80D293D0B4900CDFCD6 /* Texture.cpp */; };
		C1C5A813293D4DEE00CDFCD6 /* Shader.cpp in Sources */ = {isa = PBXBuildFile; fileRef = C1C5A811293D4DEE00CDFCD6 /* Shader.cpp */; };
		C1C5A8162941217700CDFCD6 /* Camera.cpp in Sources */ = {isa = PBXBuildFile; fileRef = C1C5A8142941217700CDFCD6 /* Camera.cpp */; };
		C1C5A819294121EF00CDFCD6 /* Block.cpp in Sources */ = {isa = PBXBuildFile; fileRef = C1C5A817294121EF00CDFCD6 /* Block.cpp */; };
		C1C5A81C2941238F00CDFCD6 /* Chunk.cpp in Sources */ = {isa = PBXBuildFile; fileRef = C1C5A81A2941238F00CDFCD6 /* Chunk.cpp */; };
		C1C5A81F2943A01B00CDFCD6 /* MyWindow.cpp in Sources */ = {isa = PBXBuildFile; fileRef = C1C5A81D2943A01B00CDFCD6 /* MyWindow.cpp */; };
/* End PBXBuildFile section */

/* Begin PBXCopyFilesBuildPhase section */
		C1C5A7F7293AF9A200CDFCD6 /* CopyFiles */ = {
			isa = PBXCopyFilesBuildPhase;
			buildActionMask = 12;
			dstPath = "";
			dstSubfolderSpec = 7;
			files = (
				C1AC1C832946BDD000AF64E8 /* dirtMC.png in CopyFiles */,
			);
			runOnlyForDeploymentPostprocessing = 0;
		};
/* End PBXCopyFilesBuildPhase section */

/* Begin PBXFileReference section */
		C1AC1C80294677C400AF64E8 /* PerlinNoise.hpp */ = {isa = PBXFileReference; lastKnownFileType = sourcecode.cpp.h; path = PerlinNoise.hpp; sourceTree = "<group>"; };
		C1AC1C812946BC9C00AF64E8 /* dirtMC.png */ = {isa = PBXFileReference; lastKnownFileType = image.png; name = dirtMC.png; path = ../../Downloads/dirtMC.png; sourceTree = "<group>"; };
		C1AC1C822946BCFE00AF64E8 /* dirtMC.png */ = {isa = PBXFileReference; lastKnownFileType = image.png; path = dirtMC.png; sourceTree = "<group>"; };
		C1C5A7F9293AF9A200CDFCD6 /* OpenGL */ = {isa = PBXFileReference; explicitFileType = "compiled.mach-o.executable"; includeInIndex = 0; path = OpenGL; sourceTree = BUILT_PRODUCTS_DIR; };
		C1C5A7FC293AF9A200CDFCD6 /* main.cpp */ = {isa = PBXFileReference; lastKnownFileType = sourcecode.cpp.cpp; path = main.cpp; sourceTree = "<group>"; };
		C1C5A804293AFAD900CDFCD6 /* libglfw.3.3.dylib */ = {isa = PBXFileReference; lastKnownFileType = "compiled.mach-o.dylib"; name = libglfw.3.3.dylib; path = ../../../../usr/local/Cellar/glfw/3.3.8/lib/libglfw.3.3.dylib; sourceTree = "<group>"; };
		C1C5A806293AFAF500CDFCD6 /* libGLEW.2.2.0.dylib */ = {isa = PBXFileReference; lastKnownFileType = "compiled.mach-o.dylib"; name = libGLEW.2.2.0.dylib; path = ../../../../usr/local/Cellar/glew/2.2.0_1/lib/libGLEW.2.2.0.dylib; sourceTree = "<group>"; };
		C1C5A808293AFBF600CDFCD6 /* OpenGL.framework */ = {isa = PBXFileReference; lastKnownFileType = wrapper.framework; name = OpenGL.framework; path = System/Library/Frameworks/OpenGL.framework; sourceTree = SDKROOT; };
		C1C5A80A293D07C900CDFCD6 /* Mesh.cpp */ = {isa = PBXFileReference; lastKnownFileType = sourcecode.cpp.cpp; path = Mesh.cpp; sourceTree = "<group>"; };
		C1C5A80B293D07C900CDFCD6 /* Mesh.hpp */ = {isa = PBXFileReference; lastKnownFileType = sourcecode.cpp.h; path = Mesh.hpp; sourceTree = "<group>"; };
		C1C5A80D293D0B4900CDFCD6 /* Texture.cpp */ = {isa = PBXFileReference; lastKnownFileType = sourcecode.cpp.cpp; path = Texture.cpp; sourceTree = "<group>"; };
		C1C5A80E293D0B4900CDFCD6 /* Texture.hpp */ = {isa = PBXFileReference; lastKnownFileType = sourcecode.cpp.h; path = Texture.hpp; sourceTree = "<group>"; };
		C1C5A810293D0C2D00CDFCD6 /* stb_image.h */ = {isa = PBXFileReference; lastKnownFileType = sourcecode.c.h; path = stb_image.h; sourceTree = "<group>"; };
		C1C5A811293D4DEE00CDFCD6 /* Shader.cpp */ = {isa = PBXFileReference; lastKnownFileType = sourcecode.cpp.cpp; path = Shader.cpp; sourceTree = "<group>"; };
		C1C5A812293D4DEE00CDFCD6 /* Shader.hpp */ = {isa = PBXFileReference; lastKnownFileType = sourcecode.cpp.h; path = Shader.hpp; sourceTree = "<group>"; };
		C1C5A8142941217700CDFCD6 /* Camera.cpp */ = {isa = PBXFileReference; lastKnownFileType = sourcecode.cpp.cpp; path = Camera.cpp; sourceTree = "<group>"; };
		C1C5A8152941217700CDFCD6 /* Camera.hpp */ = {isa = PBXFileReference; lastKnownFileType = sourcecode.cpp.h; path = Camera.hpp; sourceTree = "<group>"; };
		C1C5A817294121EF00CDFCD6 /* Block.cpp */ = {isa = PBXFileReference; lastKnownFileType = sourcecode.cpp.cpp; path = Block.cpp; sourceTree = "<group>"; };
		C1C5A818294121EF00CDFCD6 /* Block.hpp */ = {isa = PBXFileReference; lastKnownFileType = sourcecode.cpp.h; path = Block.hpp; sourceTree = "<group>"; };
		C1C5A81A2941238F00CDFCD6 /* Chunk.cpp */ = {isa = PBXFileReference; lastKnownFileType = sourcecode.cpp.cpp; path = Chunk.cpp; sourceTree = "<group>"; };
		C1C5A81B2941238F00CDFCD6 /* Chunk.hpp */ = {isa = PBXFileReference; lastKnownFileType = sourcecode.cpp.h; path = Chunk.hpp; sourceTree = "<group>"; };
		C1C5A81D2943A01B00CDFCD6 /* MyWindow.cpp */ = {isa = PBXFileReference; lastKnownFileType = sourcecode.cpp.cpp; path = MyWindow.cpp; sourceTree = "<group>"; };
		C1C5A81E2943A01B00CDFCD6 /* MyWindow.hpp */ = {isa = PBXFileReference; lastKnownFileType = sourcecode.cpp.h; path = MyWindow.hpp; sourceTree = "<group>"; };
/* End PBXFileReference section */

/* Begin PBXFrameworksBuildPhase section */
		C1C5A7F6293AF9A200CDFCD6 /* Frameworks */ = {
			isa = PBXFrameworksBuildPhase;
			buildActionMask = 2147483647;
			files = (
				C1C5A809293AFBF700CDFCD6 /* OpenGL.framework in Frameworks */,
				C1C5A807293AFAF500CDFCD6 /* libGLEW.2.2.0.dylib in Frameworks */,
				C1C5A805293AFAD900CDFCD6 /* libglfw.3.3.dylib in Frameworks */,
			);
			runOnlyForDeploymentPostprocessing = 0;
		};
/* End PBXFrameworksBuildPhase section */

/* Begin PBXGroup section */
		C1C5A7F0293AF9A200CDFCD6 = {
			isa = PBXGroup;
			children = (
				C1AC1C812946BC9C00AF64E8 /* dirtMC.png */,
				C1C5A7FB293AF9A200CDFCD6 /* OpenGL */,
				C1C5A7FA293AF9A200CDFCD6 /* Products */,
				C1C5A803293AFAD900CDFCD6 /* Frameworks */,
			);
			sourceTree = "<group>";
		};
		C1C5A7FA293AF9A200CDFCD6 /* Products */ = {
			isa = PBXGroup;
			children = (
				C1C5A7F9293AF9A200CDFCD6 /* OpenGL */,
			);
			name = Products;
			sourceTree = "<group>";
		};
		C1C5A7FB293AF9A200CDFCD6 /* OpenGL */ = {
			isa = PBXGroup;
			children = (
				C1AC1C822946BCFE00AF64E8 /* dirtMC.png */,
				C1C5A7FC293AF9A200CDFCD6 /* main.cpp */,
				C1C5A80A293D07C900CDFCD6 /* Mesh.cpp */,
				C1C5A80B293D07C900CDFCD6 /* Mesh.hpp */,
				C1C5A80D293D0B4900CDFCD6 /* Texture.cpp */,
				C1C5A80E293D0B4900CDFCD6 /* Texture.hpp */,
				C1C5A810293D0C2D00CDFCD6 /* stb_image.h */,
				C1C5A811293D4DEE00CDFCD6 /* Shader.cpp */,
				C1C5A812293D4DEE00CDFCD6 /* Shader.hpp */,
				C1C5A8142941217700CDFCD6 /* Camera.cpp */,
				C1C5A8152941217700CDFCD6 /* Camera.hpp */,
				C1C5A817294121EF00CDFCD6 /* Block.cpp */,
				C1C5A818294121EF00CDFCD6 /* Block.hpp */,
				C1C5A81A2941238F00CDFCD6 /* Chunk.cpp */,
				C1C5A81B2941238F00CDFCD6 /* Chunk.hpp */,
				C1C5A81D2943A01B00CDFCD6 /* MyWindow.cpp */,
				C1C5A81E2943A01B00CDFCD6 /* MyWindow.hpp */,
				C1AC1C80294677C400AF64E8 /* PerlinNoise.hpp */,
			);
			path = OpenGL;
			sourceTree = "<group>";
		};
		C1C5A803293AFAD900CDFCD6 /* Frameworks */ = {
			isa = PBXGroup;
			children = (
				C1C5A808293AFBF600CDFCD6 /* OpenGL.framework */,
				C1C5A806293AFAF500CDFCD6 /* libGLEW.2.2.0.dylib */,
				C1C5A804293AFAD900CDFCD6 /* libglfw.3.3.dylib */,
			);
			name = Frameworks;
			sourceTree = "<group>";
		};
/* End PBXGroup section */

/* Begin PBXNativeTarget section */
		C1C5A7F8293AF9A200CDFCD6 /* OpenGL */ = {
			isa = PBXNativeTarget;
			buildConfigurationList = C1C5A800293AF9A200CDFCD6 /* Build configuration list for PBXNativeTarget "OpenGL" */;
			buildPhases = (
				C1C5A7F5293AF9A200CDFCD6 /* Sources */,
				C1C5A7F6293AF9A200CDFCD6 /* Frameworks */,
				C1C5A7F7293AF9A200CDFCD6 /* CopyFiles */,
			);
			buildRules = (
			);
			dependencies = (
			);
			name = OpenGL;
			productName = OpenGL;
			productReference = C1C5A7F9293AF9A200CDFCD6 /* OpenGL */;
			productType = "com.apple.product-type.tool";
		};
/* End PBXNativeTarget section */

/* Begin PBXProject section */
		C1C5A7F1293AF9A200CDFCD6 /* Project object */ = {
			isa = PBXProject;
			attributes = {
				BuildIndependentTargetsInParallel = 1;
				LastUpgradeCheck = 1400;
				TargetAttributes = {
					C1C5A7F8293AF9A200CDFCD6 = {
						CreatedOnToolsVersion = 14.0.1;
					};
				};
			};
			buildConfigurationList = C1C5A7F4293AF9A200CDFCD6 /* Build configuration list for PBXProject "OpenGL" */;
			compatibilityVersion = "Xcode 14.0";
			developmentRegion = en;
			hasScannedForEncodings = 0;
			knownRegions = (
				en,
				Base,
			);
			mainGroup = C1C5A7F0293AF9A200CDFCD6;
			productRefGroup = C1C5A7FA293AF9A200CDFCD6 /* Products */;
			projectDirPath = "";
			projectRoot = "";
			targets = (
				C1C5A7F8293AF9A200CDFCD6 /* OpenGL */,
			);
		};
/* End PBXProject section */

/* Begin PBXSourcesBuildPhase section */
		C1C5A7F5293AF9A200CDFCD6 /* Sources */ = {
			isa = PBXSourcesBuildPhase;
			buildActionMask = 2147483647;
			files = (
				C1C5A80F293D0B4900CDFCD6 /* Texture.cpp in Sources */,
				C1C5A80C293D07C900CDFCD6 /* Mesh.cpp in Sources */,
				C1C5A81C2941238F00CDFCD6 /* Chunk.cpp in Sources */,
				C1C5A81F2943A01B00CDFCD6 /* MyWindow.cpp in Sources */,
				C1C5A8162941217700CDFCD6 /* Camera.cpp in Sources */,
				C1C5A819294121EF00CDFCD6 /* Block.cpp in Sources */,
				C1C5A813293D4DEE00CDFCD6 /* Shader.cpp in Sources */,
				C1C5A7FD293AF9A200CDFCD6 /* main.cpp in Sources */,
			);
			runOnlyForDeploymentPostprocessing = 0;
		};
/* End PBXSourcesBuildPhase section */

/* Begin XCBuildConfiguration section */
		C1C5A7FE293AF9A200CDFCD6 /* Debug */ = {
			isa = XCBuildConfiguration;
			buildSettings = {
				ALWAYS_SEARCH_USER_PATHS = NO;
				CLANG_ANALYZER_NONNULL = YES;
				CLANG_ANALYZER_NUMBER_OBJECT_CONVERSION = YES_AGGRESSIVE;
				CLANG_CXX_LANGUAGE_STANDARD = "gnu++20";
				CLANG_ENABLE_MODULES = YES;
				CLANG_ENABLE_OBJC_ARC = YES;
				CLANG_ENABLE_OBJC_WEAK = YES;
				CLANG_WARN_BLOCK_CAPTURE_AUTORELEASING = YES;
				CLANG_WARN_BOOL_CONVERSION = YES;
				CLANG_WARN_COMMA = YES;
				CLANG_WARN_CONSTANT_CONVERSION = YES;
				CLANG_WARN_DEPRECATED_OBJC_IMPLEMENTATIONS = YES;
				CLANG_WARN_DIRECT_OBJC_ISA_USAGE = YES_ERROR;
				CLANG_WARN_DOCUMENTATION_COMMENTS = YES;
				CLANG_WARN_EMPTY_BODY = YES;
				CLANG_WARN_ENUM_CONVERSION = YES;
				CLANG_WARN_INFINITE_RECURSION = YES;
				CLANG_WARN_INT_CONVERSION = YES;
				CLANG_WARN_NON_LITERAL_NULL_CONVERSION = YES;
				CLANG_WARN_OBJC_IMPLICIT_RETAIN_SELF = YES;
				CLANG_WARN_OBJC_LITERAL_CONVERSION = YES;
				CLANG_WARN_OBJC_ROOT_CLASS = YES_ERROR;
				CLANG_WARN_QUOTED_INCLUDE_IN_FRAMEWORK_HEADER = YES;
				CLANG_WARN_RANGE_LOOP_ANALYSIS = YES;
				CLANG_WARN_STRICT_PROTOTYPES = YES;
				CLANG_WARN_SUSPICIOUS_MOVE = YES;
				CLANG_WARN_UNGUARDED_AVAILABILITY = YES_AGGRESSIVE;
				CLANG_WARN_UNREACHABLE_CODE = YES;
				CLANG_WARN__DUPLICATE_METHOD_MATCH = YES;
				COPY_PHASE_STRIP = NO;
				DEBUG_INFORMATION_FORMAT = dwarf;
				ENABLE_STRICT_OBJC_MSGSEND = YES;
				ENABLE_TESTABILITY = YES;
				GCC_C_LANGUAGE_STANDARD = gnu11;
				GCC_DYNAMIC_NO_PIC = NO;
				GCC_NO_COMMON_BLOCKS = YES;
				GCC_OPTIMIZATION_LEVEL = 0;
				GCC_PREPROCESSOR_DEFINITIONS = (
					"DEBUG=1",
					"$(inherited)",
				);
				GCC_WARN_64_TO_32_BIT_CONVERSION = YES;
				GCC_WARN_ABOUT_RETURN_TYPE = YES_ERROR;
				GCC_WARN_UNDECLARED_SELECTOR = YES;
				GCC_WARN_UNINITIALIZED_AUTOS = YES_AGGRESSIVE;
				GCC_WARN_UNUSED_FUNCTION = YES;
				GCC_WARN_UNUSED_VARIABLE = YES;
				MACOSX_DEPLOYMENT_TARGET = 12.3;
				MTL_ENABLE_DEBUG_INFO = INCLUDE_SOURCE;
				MTL_FAST_MATH = YES;
				ONLY_ACTIVE_ARCH = YES;
				SDKROOT = macosx;
			};
			name = Debug;
		};
		C1C5A7FF293AF9A200CDFCD6 /* Release */ = {
			isa = XCBuildConfiguration;
			buildSettings = {
				ALWAYS_SEARCH_USER_PATHS = NO;
				CLANG_ANALYZER_NONNULL = YES;
				CLANG_ANALYZER_NUMBER_OBJECT_CONVERSION = YES_AGGRESSIVE;
				CLANG_CXX_LANGUAGE_STANDARD = "gnu++20";
				CLANG_ENABLE_MODULES = YES;
				CLANG_ENABLE_OBJC_ARC = YES;
				CLANG_ENABLE_OBJC_WEAK = YES;
				CLANG_WARN_BLOCK_CAPTURE_AUTORELEASING = YES;
				CLANG_WARN_BOOL_CONVERSION = YES;
				CLANG_WARN_COMMA = YES;
				CLANG_WARN_CONSTANT_CONVERSION = YES;
				CLANG_WARN_DEPRECATED_OBJC_IMPLEMENTATIONS = YES;
				CLANG_WARN_DIRECT_OBJC_ISA_USAGE = YES_ERROR;
				CLANG_WARN_DOCUMENTATION_COMMENTS = YES;
				CLANG_WARN_EMPTY_BODY = YES;
				CLANG_WARN_ENUM_CONVERSION = YES;
				CLANG_WARN_INFINITE_RECURSION = YES;
				CLANG_WARN_INT_CONVERSION = YES;
				CLANG_WARN_NON_LITERAL_NULL_CONVERSION = YES;
				CLANG_WARN_OBJC_IMPLICIT_RETAIN_SELF = YES;
				CLANG_WARN_OBJC_LITERAL_CONVERSION = YES;
				CLANG_WARN_OBJC_ROOT_CLASS = YES_ERROR;
				CLANG_WARN_QUOTED_INCLUDE_IN_FRAMEWORK_HEADER = YES;
				CLANG_WARN_RANGE_LOOP_ANALYSIS = YES;
				CLANG_WARN_STRICT_PROTOTYPES = YES;
				CLANG_WARN_SUSPICIOUS_MOVE = YES;
				CLANG_WARN_UNGUARDED_AVAILABILITY = YES_AGGRESSIVE;
				CLANG_WARN_UNREACHABLE_CODE = YES;
				CLANG_WARN__DUPLICATE_METHOD_MATCH = YES;
				COPY_PHASE_STRIP = NO;
				DEBUG_INFORMATION_FORMAT = "dwarf-with-dsym";
				ENABLE_NS_ASSERTIONS = NO;
				ENABLE_STRICT_OBJC_MSGSEND = YES;
				GCC_C_LANGUAGE_STANDARD = gnu11;
				GCC_NO_COMMON_BLOCKS = YES;
				GCC_WARN_64_TO_32_BIT_CONVERSION = YES;
				GCC_WARN_ABOUT_RETURN_TYPE = YES_ERROR;
				GCC_WARN_UNDECLARED_SELECTOR = YES;
				GCC_WARN_UNINITIALIZED_AUTOS = YES_AGGRESSIVE;
				GCC_WARN_UNUSED_FUNCTION = YES;
				GCC_WARN_UNUSED_VARIABLE = YES;
				MACOSX_DEPLOYMENT_TARGET = 12.3;
				MTL_ENABLE_DEBUG_INFO = NO;
				MTL_FAST_MATH = YES;
				SDKROOT = macosx;
			};
			name = Release;
		};
		C1C5A801293AF9A200CDFCD6 /* Debug */ = {
			isa = XCBuildConfiguration;
			buildSettings = {
				CODE_SIGN_IDENTITY = "";
				CODE_SIGN_STYLE = Automatic;
				DEVELOPMENT_TEAM = NPMHMK7YS7;
				ENABLE_HARDENED_RUNTIME = YES;
				LIBRARY_SEARCH_PATHS = (
					"$(inherited)",
					/usr/local/Cellar/glfw/3.3.8/lib,
					/usr/local/Cellar/glew/2.2.0_1/lib,
				);
				PRODUCT_NAME = "$(TARGET_NAME)";
				SYSTEM_HEADER_SEARCH_PATHS = (
					/usr/local/Cellar/glfw/3.3.8/include,
					/usr/local/Cellar/glew/2.2.0_1/include,
					/usr/local/Cellar/glm/0.9.9.8/include,
				);
			};
			name = Debug;
		};
		C1C5A802293AF9A200CDFCD6 /* Release */ = {
			isa = XCBuildConfiguration;
			buildSettings = {
				CODE_SIGN_IDENTITY = "";
				CODE_SIGN_STYLE = Automatic;
				DEVELOPMENT_TEAM = NPMHMK7YS7;
				ENABLE_HARDENED_RUNTIME = YES;
				LIBRARY_SEARCH_PATHS = (
					"$(inherited)",
					/usr/local/Cellar/glfw/3.3.8/lib,
					/usr/local/Cellar/glew/2.2.0_1/lib,
				);
				PRODUCT_NAME = "$(TARGET_NAME)";
				SYSTEM_HEADER_SEARCH_PATHS = (
					/usr/local/Cellar/glfw/3.3.8/include,
					/usr/local/Cellar/glew/2.2.0_1/include,
					/usr/local/Cellar/glm/0.9.9.8/include,
				);
			};
			name = Release;
		};
/* End XCBuildConfiguration section */

/* Begin XCConfigurationList section */
		C1C5A7F4293AF9A200CDFCD6 /* Build configuration list for PBXProject "OpenGL" */ = {
			isa = XCConfigurationList;
			buildConfigurations = (
				C1C5A7FE293AF9A200CDFCD6 /* Debug */,
				C1C5A7FF293AF9A200CDFCD6 /* Release */,
			);
			defaultConfigurationIsVisible = 0;
			defaultConfigurationName = Release;
		};
		C1C5A800293AF9A200CDFCD6 /* Build configuration list for PBXNativeTarget "OpenGL" */ = {
			isa = XCConfigurationList;
			buildConfigurations = (
				C1C5A801293AF9A200CDFCD6 /* Debug */,
				C1C5A802293AF9A200CDFCD6 /* Release */,
			);
			defaultConfigurationIsVisible = 0;
			defaultConfigurationName = Release;
		};
/* End XCConfigurationList section */
	};
	rootObject = C1C5A7F1293AF9A200CDFCD6 /* Project object */;
}
